
Microsoft Visual Studio Solution File, Format Version 12.00
# Visual Studio Version 16
VisualStudioVersion = 16.0.30011.22
MinimumVisualStudioVersion = 10.0.40219.1
Project("{FAE04EC0-301F-11D3-BF4B-00C04F79EFBC}") = "BookSearchWpfApp", "BookSearchWpfApp\BookSearchWpfApp.csproj", "{901F4F08-7F4F-4AF5-826B-4888F045050A}"
	ProjectSection(ProjectDependencies) = postProject
		{43A61C53-EB13-424F-B725-ECF2F747AB8F} = {43A61C53-EB13-424F-B725-ECF2F747AB8F}
	EndProjectSection
EndProject
Project("{FAE04EC0-301F-11D3-BF4B-00C04F79EFBC}") = "ModuleA", "ModuleA\ModuleA.csproj", "{43A61C53-EB13-424F-B725-ECF2F747AB8F}"
EndProject
Global
	GlobalSection(SolutionConfigurationPlatforms) = preSolution
		Debug|Any CPU = Debug|Any CPU
		Release|Any CPU = Release|Any CPU
	EndGlobalSection
	GlobalSection(ProjectConfigurationPlatforms) = postSolution
		{901F4F08-7F4F-4AF5-826B-4888F045050A}.Debug|Any CPU.ActiveCfg = Debug|Any CPU
		{901F4F08-7F4F-4AF5-826B-4888F045050A}.Debug|Any CPU.Build.0 = Debug|Any CPU
		{901F4F08-7F4F-4AF5-826B-4888F045050A}.Release|Any CPU.ActiveCfg = Release|Any CPU
		{901F4F08-7F4F-4AF5-826B-4888F045050A}.Release|Any CPU.Build.0 = Release|Any CPU
		{43A61C53-EB13-424F-B725-ECF2F747AB8F}.Debug|Any CPU.ActiveCfg = Debug|Any CPU
		{43A61C53-EB13-424F-B725-ECF2F747AB8F}.Debug|Any CPU.Build.0 = Debug|Any CPU
		{43A61C53-EB13-424F-B725-ECF2F747AB8F}.Release|Any CPU.ActiveCfg = Release|Any CPU
		{43A61C53-EB13-424F-B725-ECF2F747AB8F}.Release|Any CPU.Build.0 = Release|Any CPU
	EndGlobalSection
	GlobalSection(SolutionProperties) = preSolution
		HideSolutionNode = FALSE
	EndGlobalSection
	GlobalSection(ExtensibilityGlobals) = postSolution
		SolutionGuid = {99A4FB69-8A28-47AB-A0AE-35A38861E0A4}
	EndGlobalSection
EndGlobal
